
Microsoft Visual Studio Solution File, Format Version 12.00
# Visual Studio Version 17
VisualStudioVersion = 17.1.32328.378
MinimumVisualStudioVersion = 10.0.40219.1
Project("{FAE04EC0-301F-11D3-BF4B-00C04F79EFBC}") = "Notes.Android", "Notes.Android\Notes.Android.csproj", "{5A67A346-5FA2-46D1-A629-391E6D6013AA}"
EndProject
Project("{FAE04EC0-301F-11D3-BF4B-00C04F79EFBC}") = "Notes", "Notes\Notes.csproj", "{05ADFD7B-8306-4514-A03D-EE91872D7B9F}"
EndProject
Global
	GlobalSection(SolutionConfigurationPlatforms) = preSolution
		Debug|Any CPU = Debug|Any CPU
		Release|Any CPU = Release|Any CPU
	EndGlobalSection
	GlobalSection(ProjectConfigurationPlatforms) = postSolution
		{5A67A346-5FA2-46D1-A629-391E6D6013AA}.Debug|Any CPU.ActiveCfg = Debug|Any CPU
		{5A67A346-5FA2-46D1-A629-391E6D6013AA}.Debug|Any CPU.Build.0 = Debug|Any CPU
		{5A67A346-5FA2-46D1-A629-391E6D6013AA}.Debug|Any CPU.Deploy.0 = Debug|Any CPU
		{5A67A346-5FA2-46D1-A629-391E6D6013AA}.Release|Any CPU.ActiveCfg = Release|Any CPU
		{5A67A346-5FA2-46D1-A629-391E6D6013AA}.Release|Any CPU.Build.0 = Release|Any CPU
		{5A67A346-5FA2-46D1-A629-391E6D6013AA}.Release|Any CPU.Deploy.0 = Release|Any CPU
		{05ADFD7B-8306-4514-A03D-EE91872D7B9F}.Debug|Any CPU.ActiveCfg = Debug|Any CPU
		{05ADFD7B-8306-4514-A03D-EE91872D7B9F}.Debug|Any CPU.Build.0 = Debug|Any CPU
		{05ADFD7B-8306-4514-A03D-EE91872D7B9F}.Debug|Any CPU.Deploy.0 = Debug|Any CPU
		{05ADFD7B-8306-4514-A03D-EE91872D7B9F}.Release|Any CPU.ActiveCfg = Release|Any CPU
		{05ADFD7B-8306-4514-A03D-EE91872D7B9F}.Release|Any CPU.Build.0 = Release|Any CPU
		{05ADFD7B-8306-4514-A03D-EE91872D7B9F}.Release|Any CPU.Deploy.0 = Release|Any CPU
	EndGlobalSection
	GlobalSection(SolutionProperties) = preSolution
		HideSolutionNode = FALSE
	EndGlobalSection
	GlobalSection(ExtensibilityGlobals) = postSolution
		SolutionGuid = {4BF51601-2F6D-4B2B-BA22-1CBD00F32C4C}
	EndGlobalSection
EndGlobal
